
Microsoft Visual Studio Solution File, Format Version 12.00
# Visual Studio 15
VisualStudioVersion = 15.0.27703.2018
MinimumVisualStudioVersion = 10.0.40219.1
Project("{FAE04EC0-301F-11D3-BF4B-00C04F79EFBC}") = "ProcessClaimService", "ProcessClaimService\ProcessClaimService.csproj", "{A70FA362-4728-4336-9FAB-8AEFCA42BF8C}"
EndProject
Project("{FAE04EC0-301F-11D3-BF4B-00C04F79EFBC}") = "ProcessClaimService.Tests", "ProcessClaimService.Tests\ProcessClaimService.Tests.csproj", "{AF476BC9-13ED-468A-93A9-0F437978A364}"
EndProject
Project("{FAE04EC0-301F-11D3-BF4B-00C04F79EFBC}") = "ClaimBusinessEntities", "ClaimBusinessEntities\ClaimBusinessEntities.csproj", "{813FCB0F-36B3-44DD-B648-2F4CEF81FD16}"
EndProject
Project("{FAE04EC0-301F-11D3-BF4B-00C04F79EFBC}") = "ClaimDataAccess", "ClaimDataAccess\ClaimDataAccess.csproj", "{268A16FC-6022-498F-9F2C-1897F6855823}"
EndProject
Project("{FAE04EC0-301F-11D3-BF4B-00C04F79EFBC}") = "ClaimBusinessServices", "ClaimBussinessServices\ClaimBusinessServices.csproj", "{410E5B4F-1A92-4DFA-AC5E-A4BB7CEE21F1}"
EndProject
Project("{E53339B2-1760-4266-BCC7-CA923CBCF16C}") = "docker-compose", "docker-compose.dcproj", "{2A23E935-A3FD-4D8A-BB95-C8420346B040}"
EndProject
Global
	GlobalSection(SolutionConfigurationPlatforms) = preSolution
		Debug|Any CPU = Debug|Any CPU
		Release|Any CPU = Release|Any CPU
	EndGlobalSection
	GlobalSection(ProjectConfigurationPlatforms) = postSolution
		{A70FA362-4728-4336-9FAB-8AEFCA42BF8C}.Debug|Any CPU.ActiveCfg = Debug|Any CPU
		{A70FA362-4728-4336-9FAB-8AEFCA42BF8C}.Debug|Any CPU.Build.0 = Debug|Any CPU
		{A70FA362-4728-4336-9FAB-8AEFCA42BF8C}.Release|Any CPU.ActiveCfg = Release|Any CPU
		{A70FA362-4728-4336-9FAB-8AEFCA42BF8C}.Release|Any CPU.Build.0 = Release|Any CPU
		{AF476BC9-13ED-468A-93A9-0F437978A364}.Debug|Any CPU.ActiveCfg = Debug|Any CPU
		{AF476BC9-13ED-468A-93A9-0F437978A364}.Debug|Any CPU.Build.0 = Debug|Any CPU
		{AF476BC9-13ED-468A-93A9-0F437978A364}.Release|Any CPU.ActiveCfg = Release|Any CPU
		{AF476BC9-13ED-468A-93A9-0F437978A364}.Release|Any CPU.Build.0 = Release|Any CPU
		{813FCB0F-36B3-44DD-B648-2F4CEF81FD16}.Debug|Any CPU.ActiveCfg = Debug|Any CPU
		{813FCB0F-36B3-44DD-B648-2F4CEF81FD16}.Debug|Any CPU.Build.0 = Debug|Any CPU
		{813FCB0F-36B3-44DD-B648-2F4CEF81FD16}.Release|Any CPU.ActiveCfg = Release|Any CPU
		{813FCB0F-36B3-44DD-B648-2F4CEF81FD16}.Release|Any CPU.Build.0 = Release|Any CPU
		{268A16FC-6022-498F-9F2C-1897F6855823}.Debug|Any CPU.ActiveCfg = Debug|Any CPU
		{268A16FC-6022-498F-9F2C-1897F6855823}.Debug|Any CPU.Build.0 = Debug|Any CPU
		{268A16FC-6022-498F-9F2C-1897F6855823}.Release|Any CPU.ActiveCfg = Release|Any CPU
		{268A16FC-6022-498F-9F2C-1897F6855823}.Release|Any CPU.Build.0 = Release|Any CPU
		{410E5B4F-1A92-4DFA-AC5E-A4BB7CEE21F1}.Debug|Any CPU.ActiveCfg = Debug|Any CPU
		{410E5B4F-1A92-4DFA-AC5E-A4BB7CEE21F1}.Debug|Any CPU.Build.0 = Debug|Any CPU
		{410E5B4F-1A92-4DFA-AC5E-A4BB7CEE21F1}.Release|Any CPU.ActiveCfg = Release|Any CPU
		{410E5B4F-1A92-4DFA-AC5E-A4BB7CEE21F1}.Release|Any CPU.Build.0 = Release|Any CPU
		{2A23E935-A3FD-4D8A-BB95-C8420346B040}.Debug|Any CPU.ActiveCfg = Debug|Any CPU
		{2A23E935-A3FD-4D8A-BB95-C8420346B040}.Debug|Any CPU.Build.0 = Debug|Any CPU
		{2A23E935-A3FD-4D8A-BB95-C8420346B040}.Release|Any CPU.ActiveCfg = Release|Any CPU
		{2A23E935-A3FD-4D8A-BB95-C8420346B040}.Release|Any CPU.Build.0 = Release|Any CPU
	EndGlobalSection
	GlobalSection(SolutionProperties) = preSolution
		HideSolutionNode = FALSE
	EndGlobalSection
	GlobalSection(ExtensibilityGlobals) = postSolution
		SolutionGuid = {210FBAA3-AC81-459B-81B6-0B96AD34A339}
	EndGlobalSection
EndGlobal
